{
  "version": 4,
  "terraform_version": "0.13.4",
  "serial": 5,
  "lineage": "da4b6bae-a93e-249f-0a46-741dfb5c4b6c",
  "outputs": {},
  "resources": [
    {
      "mode": "data",
      "type": "aws_route53_zone",
      "name": "selected",
      "provider": "provider[\"registry.terraform.io/hashicorp/aws\"]",
      "instances": [
        {
          "schema_version": 0,
          "attributes": {
            "caller_reference": "37ed4aa4-5c13-413f-8a02-254d15a1ab66",
            "comment": "",
            "id": "Z067505937NF4Z26CXWW5",
            "linked_service_description": null,
            "linked_service_principal": null,
            "name": "backend.fiaplabs.com",
            "name_servers": [
              "ns-124.awsdns-15.com",
              "ns-1969.awsdns-54.co.uk",
              "ns-1367.awsdns-42.org",
              "ns-523.awsdns-01.net"
            ],
            "private_zone": false,
            "resource_record_set_count": 1,
            "tags": {},
            "vpc_id": null,
            "zone_id": "Z067505937NF4Z26CXWW5"
          }
        }
      ]
    },
    {
      "mode": "data",
      "type": "aws_subnet",
      "name": "selected",
      "provider": "provider[\"registry.terraform.io/hashicorp/aws\"]",
      "instances": [
        {
          "schema_version": 0,
          "attributes": {
            "arn": "arn:aws:ec2:us-east-1:224520350870:subnet/subnet-06337b0937fae7ef4",
            "assign_ipv6_address_on_creation": false,
            "availability_zone": "us-east-1a",
            "availability_zone_id": "use1-az1",
            "cidr_block": "192.168.10.0/24",
            "default_for_az": false,
            "filter": [
              {
                "name": "tag:project",
                "values": [
                  "demo"
                ]
              }
            ],
            "id": "subnet-06337b0937fae7ef4",
            "ipv6_cidr_block": null,
            "ipv6_cidr_block_association_id": null,
            "map_public_ip_on_launch": true,
            "outpost_arn": "",
            "owner_id": "224520350870",
            "state": "available",
            "tags": {
              "project": "demo",
              "turma": "2TRCR"
            },
            "vpc_id": "vpc-04562ef6e9e8d5127"
          }
        }
      ]
    },
    {
      "mode": "managed",
      "type": "aws_eip",
      "name": "eip-webserver",
      "provider": "provider[\"registry.terraform.io/hashicorp/aws\"]",
      "instances": [
        {
          "schema_version": 0,
          "attributes": {
            "allocation_id": null,
            "associate_with_private_ip": null,
            "association_id": "eipassoc-0642dfd0936478fbd",
            "customer_owned_ip": "",
            "customer_owned_ipv4_pool": "",
            "domain": "vpc",
            "id": "eipalloc-0fa9b82c0a81df3b5",
            "instance": "i-06358cd93dcd85f9d",
            "network_interface": "eni-070c07201404933c5",
            "private_dns": "ip-192-168-10-37.ec2.internal",
            "private_ip": "192.168.10.37",
            "public_dns": "ec2-34-237-217-76.compute-1.amazonaws.com",
            "public_ip": "34.237.217.76",
            "public_ipv4_pool": "amazon",
            "tags": {
              "project": "demo",
              "rm": "P3193",
              "turma": "2TRCR"
            },
            "timeouts": null,
            "vpc": true
          },
          "private": "eyJlMmJmYjczMC1lY2FhLTExZTYtOGY4OC0zNDM2M2JjN2M0YzAiOnsiZGVsZXRlIjoxODAwMDAwMDAwMDAsInJlYWQiOjkwMDAwMDAwMDAwMCwidXBkYXRlIjozMDAwMDAwMDAwMDB9fQ==",
          "dependencies": [
            "aws_instance.webserver",
            "aws_security_group.webserver",
            "data.aws_subnet.selected"
          ]
        }
      ]
    },
    {
      "mode": "managed",
      "type": "aws_instance",
      "name": "webserver",
      "provider": "provider[\"registry.terraform.io/hashicorp/aws\"]",
      "instances": [
        {
          "schema_version": 1,
          "attributes": {
            "ami": "ami-0817d428a6fb68645",
            "arn": "arn:aws:ec2:us-east-1:224520350870:instance/i-06358cd93dcd85f9d",
            "associate_public_ip_address": true,
            "availability_zone": "us-east-1a",
            "cpu_core_count": 1,
            "cpu_threads_per_core": 1,
            "credit_specification": [
              {
                "cpu_credits": "standard"
              }
            ],
            "disable_api_termination": false,
            "ebs_block_device": [],
            "ebs_optimized": false,
            "ephemeral_block_device": [],
            "get_password_data": false,
            "hibernation": false,
            "host_id": null,
            "iam_instance_profile": "",
            "id": "i-06358cd93dcd85f9d",
            "instance_initiated_shutdown_behavior": null,
            "instance_state": "running",
            "instance_type": "t2.small",
            "ipv6_address_count": 0,
            "ipv6_addresses": [],
            "key_name": "",
            "metadata_options": [
              {
                "http_endpoint": "enabled",
                "http_put_response_hop_limit": 1,
                "http_tokens": "optional"
              }
            ],
            "monitoring": false,
            "network_interface": [],
            "outpost_arn": "",
            "password_data": "",
            "placement_group": "",
            "primary_network_interface_id": "eni-070c07201404933c5",
            "private_dns": "ip-192-168-10-37.ec2.internal",
            "private_ip": "192.168.10.37",
            "public_dns": "",
            "public_ip": "3.238.57.27",
            "root_block_device": [
              {
                "delete_on_termination": true,
                "device_name": "/dev/sda1",
                "encrypted": false,
                "iops": 100,
                "kms_key_id": "",
                "volume_id": "vol-08b144e1fffa2f266",
                "volume_size": 8,
                "volume_type": "gp2"
              }
            ],
            "secondary_private_ips": [],
            "security_groups": [],
            "source_dest_check": true,
            "subnet_id": "subnet-06337b0937fae7ef4",
            "tags": {
              "project": "demo",
              "rm": "P3193",
              "turma": "2TRCR"
            },
            "tenancy": "default",
            "timeouts": null,
            "user_data": "1aaf71ce04c52b610f7f2e534e511fe5a034df85",
            "user_data_base64": null,
            "volume_tags": {},
            "vpc_security_group_ids": [
              "sg-0369984bc477abfa4"
            ]
          },
          "private": "eyJlMmJmYjczMC1lY2FhLTExZTYtOGY4OC0zNDM2M2JjN2M0YzAiOnsiY3JlYXRlIjo2MDAwMDAwMDAwMDAsImRlbGV0ZSI6MTIwMDAwMDAwMDAwMCwidXBkYXRlIjo2MDAwMDAwMDAwMDB9LCJzY2hlbWFfdmVyc2lvbiI6IjEifQ==",
          "dependencies": [
            "aws_security_group.webserver",
            "data.aws_subnet.selected"
          ]
        }
      ]
    },
    {
      "mode": "managed",
      "type": "aws_route53_record",
      "name": "default_dns_record",
      "provider": "provider[\"registry.terraform.io/hashicorp/aws\"]",
      "instances": [
        {
          "schema_version": 2,
          "attributes": {
            "alias": [],
            "allow_overwrite": null,
            "failover_routing_policy": [],
            "fqdn": "p3193.demo.backend.fiaplabs.com",
            "geolocation_routing_policy": [],
            "health_check_id": null,
            "id": "Z067505937NF4Z26CXWW5_p3193.demo_A",
            "latency_routing_policy": [],
            "multivalue_answer_routing_policy": null,
            "name": "p3193.demo",
            "records": [
              "34.237.217.76"
            ],
            "set_identifier": null,
            "ttl": 60,
            "type": "A",
            "weighted_routing_policy": [],
            "zone_id": "Z067505937NF4Z26CXWW5"
          },
          "private": "eyJzY2hlbWFfdmVyc2lvbiI6IjIifQ==",
          "dependencies": [
            "aws_eip.eip-webserver",
            "aws_instance.webserver",
            "aws_security_group.webserver",
            "data.aws_route53_zone.selected",
            "data.aws_subnet.selected"
          ]
        }
      ]
    },
    {
      "mode": "managed",
      "type": "aws_security_group",
      "name": "webserver",
      "provider": "provider[\"registry.terraform.io/hashicorp/aws\"]",
      "instances": [
        {
          "schema_version": 1,
          "attributes": {
            "arn": "arn:aws:ec2:us-east-1:224520350870:security-group/sg-0369984bc477abfa4",
            "description": "Allow traffic for 80, 443 and internal to 22",
            "egress": [
              {
                "cidr_blocks": [
                  "0.0.0.0/0"
                ],
                "description": "",
                "from_port": 0,
                "ipv6_cidr_blocks": [],
                "prefix_list_ids": [],
                "protocol": "-1",
                "security_groups": [],
                "self": false,
                "to_port": 0
              }
            ],
            "id": "sg-0369984bc477abfa4",
            "ingress": [
              {
                "cidr_blocks": [
                  "0.0.0.0/0"
                ],
                "description": "",
                "from_port": 22,
                "ipv6_cidr_blocks": [],
                "prefix_list_ids": [],
                "protocol": "tcp",
                "security_groups": [],
                "self": false,
                "to_port": 22
              },
              {
                "cidr_blocks": [
                  "0.0.0.0/0"
                ],
                "description": "",
                "from_port": 80,
                "ipv6_cidr_blocks": [],
                "prefix_list_ids": [],
                "protocol": "tcp",
                "security_groups": [],
                "self": false,
                "to_port": 80
              },
              {
                "cidr_blocks": [
                  "0.0.0.0/0"
                ],
                "description": "",
                "from_port": 8,
                "ipv6_cidr_blocks": [],
                "prefix_list_ids": [],
                "protocol": "icmp",
                "security_groups": [],
                "self": false,
                "to_port": 0
              }
            ],
            "name": "webserver-sg-P3193",
            "name_prefix": "",
            "owner_id": "224520350870",
            "revoke_rules_on_delete": false,
            "tags": {
              "project": "demo",
              "turma": "2TRCR"
            },
            "timeouts": null,
            "vpc_id": "vpc-04562ef6e9e8d5127"
          },
          "private": "eyJlMmJmYjczMC1lY2FhLTExZTYtOGY4OC0zNDM2M2JjN2M0YzAiOnsiY3JlYXRlIjo2MDAwMDAwMDAwMDAsImRlbGV0ZSI6NjAwMDAwMDAwMDAwfSwic2NoZW1hX3ZlcnNpb24iOiIxIn0="
        }
      ]
    }
  ]
}
